
Microsoft Visual Studio Solution File, Format Version 12.00
# Visual Studio 14
VisualStudioVersion = 14.0.25123.0
MinimumVisualStudioVersion = 10.0.40219.1
Project("{2150E333-8FDC-42A3-9474-1A3956D46DE8}") = "src", "src", "{471C0116-BB4B-4ECE-B526-C77A7D3B754B}"
EndProject
Project("{2150E333-8FDC-42A3-9474-1A3956D46DE8}") = "Solution Items", "Solution Items", "{A5D910C0-5ACF-427E-90DF-476643CAA834}"
	ProjectSection(SolutionItems) = preProject
		global.json = global.json
	EndProjectSection
EndProject
Project("{8BB2217D-0F2D-49D1-97BC-3654ED321F3B}") = "OnionCQRS", "src\OnionCQRS\OnionCQRS.xproj", "{F84370F7-BD5A-42ED-912C-4B6CD302F633}"
EndProject
Project("{2150E333-8FDC-42A3-9474-1A3956D46DE8}") = "Presentation", "Presentation", "{9304C162-5289-4545-B424-37224A1A6A3C}"
EndProject
Project("{2150E333-8FDC-42A3-9474-1A3956D46DE8}") = "Infrastructure", "Infrastructure", "{9215CB87-6502-4A3C-B323-50A44DD892CA}"
EndProject
Project("{2150E333-8FDC-42A3-9474-1A3956D46DE8}") = "Business", "Business", "{2801B0BF-1991-4883-8119-CF12644BD65E}"
EndProject
Project("{8BB2217D-0F2D-49D1-97BC-3654ED321F3B}") = "OnionCQRS.Core", "OnionCQRS.Core\OnionCQRS.Core.xproj", "{295947FA-F3E2-4835-9394-06634E251B35}"
EndProject
Project("{8BB2217D-0F2D-49D1-97BC-3654ED321F3B}") = "OnionCQRS.Services", "OnionCQRS.Services\OnionCQRS.Services.xproj", "{6CF5BF8D-76C8-4D57-A85A-F4DDD98996CA}"
EndProject
Project("{8BB2217D-0F2D-49D1-97BC-3654ED321F3B}") = "OnionCQRS.Bootstrapper", "OnionCQRS.Bootstrapper\OnionCQRS.Bootstrapper.xproj", "{DB76B934-2C0E-4D21-94E2-8136CB3F86DB}"
EndProject
Project("{8BB2217D-0F2D-49D1-97BC-3654ED321F3B}") = "OnionCQRS.Data", "OnionCQRS.Data\OnionCQRS.Data.xproj", "{ED2ECAFE-2127-432E-9342-C83263B8492C}"
EndProject
Project("{8BB2217D-0F2D-49D1-97BC-3654ED321F3B}") = "OnionCQRS.Infrastructure", "OnionCQRS.Infrastructure\OnionCQRS.Infrastructure.xproj", "{434E6265-F2E2-4D32-9ECA-7923AE1F04C2}"
EndProject
Project("{2150E333-8FDC-42A3-9474-1A3956D46DE8}") = "Core", "Core", "{816AA891-F45A-4CA7-A01A-115E5418DBAC}"
EndProject
Project("{8BB2217D-0F2D-49D1-97BC-3654ED321F3B}") = "DbContextScope.EfCore", "DbContextScope.EfCore\DbContextScope.EfCore.xproj", "{AB70542C-890D-4630-B27E-14F9587DD278}"
EndProject
Project("{8BB2217D-0F2D-49D1-97BC-3654ED321F3B}") = "DbContextScope.UnitOfWork.Core", "DbContextScope.UnitOfWork.Core\DbContextScope.UnitOfWork.Core.xproj", "{1C3207F7-9381-453F-8783-B3D52A0C9B8B}"
EndProject
Project("{8BB2217D-0F2D-49D1-97BC-3654ED321F3B}") = "DbContextScope.UnitOfWork.EfCore", "DbContextScope.UnitOfWork.EfCore\DbContextScope.UnitOfWork.EfCore.xproj", "{E053CA11-B054-46D7-AF4E-84AEFF0AA1E3}"
EndProject
Global
	GlobalSection(SolutionConfigurationPlatforms) = preSolution
		Debug|Any CPU = Debug|Any CPU
		Release|Any CPU = Release|Any CPU
	EndGlobalSection
	GlobalSection(ProjectConfigurationPlatforms) = postSolution
		{F84370F7-BD5A-42ED-912C-4B6CD302F633}.Debug|Any CPU.ActiveCfg = Debug|Any CPU
		{F84370F7-BD5A-42ED-912C-4B6CD302F633}.Debug|Any CPU.Build.0 = Debug|Any CPU
		{F84370F7-BD5A-42ED-912C-4B6CD302F633}.Release|Any CPU.ActiveCfg = Release|Any CPU
		{F84370F7-BD5A-42ED-912C-4B6CD302F633}.Release|Any CPU.Build.0 = Release|Any CPU
		{295947FA-F3E2-4835-9394-06634E251B35}.Debug|Any CPU.ActiveCfg = Debug|Any CPU
		{295947FA-F3E2-4835-9394-06634E251B35}.Debug|Any CPU.Build.0 = Debug|Any CPU
		{295947FA-F3E2-4835-9394-06634E251B35}.Release|Any CPU.ActiveCfg = Release|Any CPU
		{295947FA-F3E2-4835-9394-06634E251B35}.Release|Any CPU.Build.0 = Release|Any CPU
		{6CF5BF8D-76C8-4D57-A85A-F4DDD98996CA}.Debug|Any CPU.ActiveCfg = Debug|Any CPU
		{6CF5BF8D-76C8-4D57-A85A-F4DDD98996CA}.Debug|Any CPU.Build.0 = Debug|Any CPU
		{6CF5BF8D-76C8-4D57-A85A-F4DDD98996CA}.Release|Any CPU.ActiveCfg = Release|Any CPU
		{6CF5BF8D-76C8-4D57-A85A-F4DDD98996CA}.Release|Any CPU.Build.0 = Release|Any CPU
		{DB76B934-2C0E-4D21-94E2-8136CB3F86DB}.Debug|Any CPU.ActiveCfg = Debug|Any CPU
		{DB76B934-2C0E-4D21-94E2-8136CB3F86DB}.Debug|Any CPU.Build.0 = Debug|Any CPU
		{DB76B934-2C0E-4D21-94E2-8136CB3F86DB}.Release|Any CPU.ActiveCfg = Release|Any CPU
		{DB76B934-2C0E-4D21-94E2-8136CB3F86DB}.Release|Any CPU.Build.0 = Release|Any CPU
		{ED2ECAFE-2127-432E-9342-C83263B8492C}.Debug|Any CPU.ActiveCfg = Debug|Any CPU
		{ED2ECAFE-2127-432E-9342-C83263B8492C}.Debug|Any CPU.Build.0 = Debug|Any CPU
		{ED2ECAFE-2127-432E-9342-C83263B8492C}.Release|Any CPU.ActiveCfg = Release|Any CPU
		{ED2ECAFE-2127-432E-9342-C83263B8492C}.Release|Any CPU.Build.0 = Release|Any CPU
		{434E6265-F2E2-4D32-9ECA-7923AE1F04C2}.Debug|Any CPU.ActiveCfg = Debug|Any CPU
		{434E6265-F2E2-4D32-9ECA-7923AE1F04C2}.Debug|Any CPU.Build.0 = Debug|Any CPU
		{434E6265-F2E2-4D32-9ECA-7923AE1F04C2}.Release|Any CPU.ActiveCfg = Release|Any CPU
		{434E6265-F2E2-4D32-9ECA-7923AE1F04C2}.Release|Any CPU.Build.0 = Release|Any CPU
		{AB70542C-890D-4630-B27E-14F9587DD278}.Debug|Any CPU.ActiveCfg = Debug|Any CPU
		{AB70542C-890D-4630-B27E-14F9587DD278}.Debug|Any CPU.Build.0 = Debug|Any CPU
		{AB70542C-890D-4630-B27E-14F9587DD278}.Release|Any CPU.ActiveCfg = Release|Any CPU
		{AB70542C-890D-4630-B27E-14F9587DD278}.Release|Any CPU.Build.0 = Release|Any CPU
		{1C3207F7-9381-453F-8783-B3D52A0C9B8B}.Debug|Any CPU.ActiveCfg = Debug|Any CPU
		{1C3207F7-9381-453F-8783-B3D52A0C9B8B}.Debug|Any CPU.Build.0 = Debug|Any CPU
		{1C3207F7-9381-453F-8783-B3D52A0C9B8B}.Release|Any CPU.ActiveCfg = Release|Any CPU
		{1C3207F7-9381-453F-8783-B3D52A0C9B8B}.Release|Any CPU.Build.0 = Release|Any CPU
		{E053CA11-B054-46D7-AF4E-84AEFF0AA1E3}.Debug|Any CPU.ActiveCfg = Debug|Any CPU
		{E053CA11-B054-46D7-AF4E-84AEFF0AA1E3}.Debug|Any CPU.Build.0 = Debug|Any CPU
		{E053CA11-B054-46D7-AF4E-84AEFF0AA1E3}.Release|Any CPU.ActiveCfg = Release|Any CPU
		{E053CA11-B054-46D7-AF4E-84AEFF0AA1E3}.Release|Any CPU.Build.0 = Release|Any CPU
	EndGlobalSection
	GlobalSection(SolutionProperties) = preSolution
		HideSolutionNode = FALSE
	EndGlobalSection
	GlobalSection(NestedProjects) = preSolution
		{F84370F7-BD5A-42ED-912C-4B6CD302F633} = {9304C162-5289-4545-B424-37224A1A6A3C}
		{9304C162-5289-4545-B424-37224A1A6A3C} = {471C0116-BB4B-4ECE-B526-C77A7D3B754B}
		{9215CB87-6502-4A3C-B323-50A44DD892CA} = {471C0116-BB4B-4ECE-B526-C77A7D3B754B}
		{2801B0BF-1991-4883-8119-CF12644BD65E} = {471C0116-BB4B-4ECE-B526-C77A7D3B754B}
		{295947FA-F3E2-4835-9394-06634E251B35} = {2801B0BF-1991-4883-8119-CF12644BD65E}
		{6CF5BF8D-76C8-4D57-A85A-F4DDD98996CA} = {2801B0BF-1991-4883-8119-CF12644BD65E}
		{DB76B934-2C0E-4D21-94E2-8136CB3F86DB} = {9215CB87-6502-4A3C-B323-50A44DD892CA}
		{ED2ECAFE-2127-432E-9342-C83263B8492C} = {9215CB87-6502-4A3C-B323-50A44DD892CA}
		{434E6265-F2E2-4D32-9ECA-7923AE1F04C2} = {9215CB87-6502-4A3C-B323-50A44DD892CA}
		{816AA891-F45A-4CA7-A01A-115E5418DBAC} = {471C0116-BB4B-4ECE-B526-C77A7D3B754B}
		{AB70542C-890D-4630-B27E-14F9587DD278} = {816AA891-F45A-4CA7-A01A-115E5418DBAC}
		{1C3207F7-9381-453F-8783-B3D52A0C9B8B} = {816AA891-F45A-4CA7-A01A-115E5418DBAC}
		{E053CA11-B054-46D7-AF4E-84AEFF0AA1E3} = {816AA891-F45A-4CA7-A01A-115E5418DBAC}
	EndGlobalSection
EndGlobal
